
Microsoft Visual Studio Solution File, Format Version 12.00
# Visual Studio 15
VisualStudioVersion = 15.0.26730.16
MinimumVisualStudioVersion = 10.0.40219.1
Project("{FAE04EC0-301F-11D3-BF4B-00C04F79EFBC}") = "lab12_brian", "lab12_brian\lab12_brian.csproj", "{FFA4BF1B-63D0-4A30-A125-C4E39ABA3D6F}"
EndProject
Global
	GlobalSection(SolutionConfigurationPlatforms) = preSolution
		Debug|Any CPU = Debug|Any CPU
		Release|Any CPU = Release|Any CPU
	EndGlobalSection
	GlobalSection(ProjectConfigurationPlatforms) = postSolution
		{FFA4BF1B-63D0-4A30-A125-C4E39ABA3D6F}.Debug|Any CPU.ActiveCfg = Debug|Any CPU
		{FFA4BF1B-63D0-4A30-A125-C4E39ABA3D6F}.Debug|Any CPU.Build.0 = Debug|Any CPU
		{FFA4BF1B-63D0-4A30-A125-C4E39ABA3D6F}.Release|Any CPU.ActiveCfg = Release|Any CPU
		{FFA4BF1B-63D0-4A30-A125-C4E39ABA3D6F}.Release|Any CPU.Build.0 = Release|Any CPU
	EndGlobalSection
	GlobalSection(SolutionProperties) = preSolution
		HideSolutionNode = FALSE
	EndGlobalSection
	GlobalSection(ExtensibilityGlobals) = postSolution
		SolutionGuid = {82C967A0-3F59-40E5-B18F-777D483EC10C}
	EndGlobalSection
EndGlobal
